
Microsoft Visual Studio Solution File, Format Version 12.00
# Visual Studio 15
VisualStudioVersion = 15.0.27428.2015
MinimumVisualStudioVersion = 10.0.40219.1
Project("{FAE04EC0-301F-11D3-BF4B-00C04F79EFBC}") = "Server", "Server\Server.csproj", "{80D7B2C4-7408-425A-A69A-A23B99CC2E61}"
EndProject
Project("{FAE04EC0-301F-11D3-BF4B-00C04F79EFBC}") = "Tests", "Tests\Tests.csproj", "{79DD74D1-5B4A-46A5-8CA0-B87241F10D9B}"
EndProject
Project("{FAE04EC0-301F-11D3-BF4B-00C04F79EFBC}") = "CodeGen", "CodeGen\CodeGen.csproj", "{A14FF07D-038B-4EF6-968F-B0377F5789F7}"
EndProject
Project("{FAE04EC0-301F-11D3-BF4B-00C04F79EFBC}") = "SpriteGen", "SpriteGen\SpriteGen.csproj", "{46460748-A4DD-40C3-8007-B24558535F67}"
EndProject
Project("{FAE04EC0-301F-11D3-BF4B-00C04F79EFBC}") = "BuildClient", "BuildClient\BuildClient.csproj", "{24DF5558-CBBD-4CDF-92EE-FFB93722175F}"
EndProject
Project("{FAE04EC0-301F-11D3-BF4B-00C04F79EFBC}") = "Common", "Common\Common.csproj", "{63C9AA75-7EDC-48F9-89EC-C67E78416BC8}"
EndProject
Global
	GlobalSection(SolutionConfigurationPlatforms) = preSolution
		Debug|Any CPU = Debug|Any CPU
		Release|Any CPU = Release|Any CPU
	EndGlobalSection
	GlobalSection(ProjectConfigurationPlatforms) = postSolution
		{80D7B2C4-7408-425A-A69A-A23B99CC2E61}.Debug|Any CPU.ActiveCfg = Debug|Any CPU
		{80D7B2C4-7408-425A-A69A-A23B99CC2E61}.Debug|Any CPU.Build.0 = Debug|Any CPU
		{80D7B2C4-7408-425A-A69A-A23B99CC2E61}.Release|Any CPU.ActiveCfg = Release|Any CPU
		{80D7B2C4-7408-425A-A69A-A23B99CC2E61}.Release|Any CPU.Build.0 = Release|Any CPU
		{79DD74D1-5B4A-46A5-8CA0-B87241F10D9B}.Debug|Any CPU.ActiveCfg = Debug|Any CPU
		{79DD74D1-5B4A-46A5-8CA0-B87241F10D9B}.Debug|Any CPU.Build.0 = Debug|Any CPU
		{79DD74D1-5B4A-46A5-8CA0-B87241F10D9B}.Release|Any CPU.ActiveCfg = Release|Any CPU
		{79DD74D1-5B4A-46A5-8CA0-B87241F10D9B}.Release|Any CPU.Build.0 = Release|Any CPU
		{A14FF07D-038B-4EF6-968F-B0377F5789F7}.Debug|Any CPU.ActiveCfg = Debug|Any CPU
		{A14FF07D-038B-4EF6-968F-B0377F5789F7}.Debug|Any CPU.Build.0 = Debug|Any CPU
		{A14FF07D-038B-4EF6-968F-B0377F5789F7}.Release|Any CPU.ActiveCfg = Release|Any CPU
		{A14FF07D-038B-4EF6-968F-B0377F5789F7}.Release|Any CPU.Build.0 = Release|Any CPU
		{46460748-A4DD-40C3-8007-B24558535F67}.Debug|Any CPU.ActiveCfg = Debug|Any CPU
		{46460748-A4DD-40C3-8007-B24558535F67}.Debug|Any CPU.Build.0 = Debug|Any CPU
		{46460748-A4DD-40C3-8007-B24558535F67}.Release|Any CPU.ActiveCfg = Release|Any CPU
		{46460748-A4DD-40C3-8007-B24558535F67}.Release|Any CPU.Build.0 = Release|Any CPU
		{24DF5558-CBBD-4CDF-92EE-FFB93722175F}.Debug|Any CPU.ActiveCfg = Debug|Any CPU
		{24DF5558-CBBD-4CDF-92EE-FFB93722175F}.Debug|Any CPU.Build.0 = Debug|Any CPU
		{24DF5558-CBBD-4CDF-92EE-FFB93722175F}.Release|Any CPU.ActiveCfg = Release|Any CPU
		{24DF5558-CBBD-4CDF-92EE-FFB93722175F}.Release|Any CPU.Build.0 = Release|Any CPU
		{63C9AA75-7EDC-48F9-89EC-C67E78416BC8}.Debug|Any CPU.ActiveCfg = Debug|Any CPU
		{63C9AA75-7EDC-48F9-89EC-C67E78416BC8}.Debug|Any CPU.Build.0 = Debug|Any CPU
		{63C9AA75-7EDC-48F9-89EC-C67E78416BC8}.Release|Any CPU.ActiveCfg = Release|Any CPU
		{63C9AA75-7EDC-48F9-89EC-C67E78416BC8}.Release|Any CPU.Build.0 = Release|Any CPU
	EndGlobalSection
	GlobalSection(SolutionProperties) = preSolution
		HideSolutionNode = FALSE
	EndGlobalSection
	GlobalSection(ExtensibilityGlobals) = postSolution
		SolutionGuid = {6ECED893-96A3-4ED9-B434-F1695BE2E1B5}
	EndGlobalSection
EndGlobal
